
Microsoft Visual Studio Solution File, Format Version 12.00
# Visual Studio Version 16
VisualStudioVersion = 16.0.30413.136
MinimumVisualStudioVersion = 10.0.40219.1
Project("{FAE04EC0-301F-11D3-BF4B-00C04F79EFBC}") = "Micom Inline", "Micom Inline\Micom Inline.csproj", "{4F34441E-0454-4DB5-AD78-B5448A5AE76F}"
EndProject
Project("{54435603-DBB4-11D2-8724-00A0C9A8B90C}") = "Setup", "Setup\Setup.vdproj", "{2BEBDE2D-8808-41B9-87CD-3F9EBEA7B718}"
EndProject
Project("{00D1A9C2-B5F0-4AF3-8072-F6C62B433612}") = "Database2", "C:\Users\hvtan\source\repos\Database2\Database2.sqlproj", "{69425366-6F65-4AF5-AD83-362B2C3DFE53}"
EndProject
Global
	GlobalSection(SolutionConfigurationPlatforms) = preSolution
		Debug|Any CPU = Debug|Any CPU
		Debug|x64 = Debug|x64
		Release|Any CPU = Release|Any CPU
		Release|x64 = Release|x64
	EndGlobalSection
	GlobalSection(ProjectConfigurationPlatforms) = postSolution
		{4F34441E-0454-4DB5-AD78-B5448A5AE76F}.Debug|Any CPU.ActiveCfg = Release|Any CPU
		{4F34441E-0454-4DB5-AD78-B5448A5AE76F}.Debug|Any CPU.Build.0 = Release|Any CPU
		{4F34441E-0454-4DB5-AD78-B5448A5AE76F}.Debug|x64.ActiveCfg = Debug|x64
		{4F34441E-0454-4DB5-AD78-B5448A5AE76F}.Debug|x64.Build.0 = Debug|x64
		{4F34441E-0454-4DB5-AD78-B5448A5AE76F}.Release|Any CPU.ActiveCfg = Release|Any CPU
		{4F34441E-0454-4DB5-AD78-B5448A5AE76F}.Release|Any CPU.Build.0 = Release|Any CPU
		{4F34441E-0454-4DB5-AD78-B5448A5AE76F}.Release|x64.ActiveCfg = Release|x64
		{4F34441E-0454-4DB5-AD78-B5448A5AE76F}.Release|x64.Build.0 = Release|x64
		{2BEBDE2D-8808-41B9-87CD-3F9EBEA7B718}.Debug|Any CPU.ActiveCfg = Debug
		{2BEBDE2D-8808-41B9-87CD-3F9EBEA7B718}.Debug|x64.ActiveCfg = Debug
		{2BEBDE2D-8808-41B9-87CD-3F9EBEA7B718}.Release|Any CPU.ActiveCfg = Release
		{2BEBDE2D-8808-41B9-87CD-3F9EBEA7B718}.Release|x64.ActiveCfg = Release
		{69425366-6F65-4AF5-AD83-362B2C3DFE53}.Debug|Any CPU.ActiveCfg = Debug|Any CPU
		{69425366-6F65-4AF5-AD83-362B2C3DFE53}.Debug|Any CPU.Build.0 = Debug|Any CPU
		{69425366-6F65-4AF5-AD83-362B2C3DFE53}.Debug|Any CPU.Deploy.0 = Debug|Any CPU
		{69425366-6F65-4AF5-AD83-362B2C3DFE53}.Debug|x64.ActiveCfg = Debug|Any CPU
		{69425366-6F65-4AF5-AD83-362B2C3DFE53}.Debug|x64.Build.0 = Debug|Any CPU
		{69425366-6F65-4AF5-AD83-362B2C3DFE53}.Debug|x64.Deploy.0 = Debug|Any CPU
		{69425366-6F65-4AF5-AD83-362B2C3DFE53}.Release|Any CPU.ActiveCfg = Release|Any CPU
		{69425366-6F65-4AF5-AD83-362B2C3DFE53}.Release|Any CPU.Build.0 = Release|Any CPU
		{69425366-6F65-4AF5-AD83-362B2C3DFE53}.Release|Any CPU.Deploy.0 = Release|Any CPU
		{69425366-6F65-4AF5-AD83-362B2C3DFE53}.Release|x64.ActiveCfg = Release|Any CPU
		{69425366-6F65-4AF5-AD83-362B2C3DFE53}.Release|x64.Build.0 = Release|Any CPU
		{69425366-6F65-4AF5-AD83-362B2C3DFE53}.Release|x64.Deploy.0 = Release|Any CPU
	EndGlobalSection
	GlobalSection(SolutionProperties) = preSolution
		HideSolutionNode = FALSE
	EndGlobalSection
	GlobalSection(ExtensibilityGlobals) = postSolution
		SolutionGuid = {689C5BED-E369-492C-B86B-2E741936B4C8}
	EndGlobalSection
EndGlobal
